
Microsoft Visual Studio Solution File, Format Version 12.00
# Visual Studio Version 16
VisualStudioVersion = 16.0.30225.117
MinimumVisualStudioVersion = 10.0.40219.1
Project("{9A19103F-16F7-4668-BE54-9A1E7A4F7556}") = "raidTimeline.Logic", "raidTimeline.Logic\raidTimeline.Logic.csproj", "{34112E9B-A72E-4F96-8658-1B788D82B181}"
EndProject
Project("{9A19103F-16F7-4668-BE54-9A1E7A4F7556}") = "raidTimeline.Logic.Tests", "raidTimeline.Logic.Tests\raidTimeline.Logic.Tests.csproj", "{E9993407-4169-4F66-87CE-DEF211E9BAFB}"
EndProject
Project("{FAE04EC0-301F-11D3-BF4B-00C04F79EFBC}") = "raidTimeline.Database", "raidTimeline.Database\raidTimeline.Database.csproj", "{D8D7FF14-FDFD-4976-BD89-6024CBCD20E4}"
EndProject
Project("{FAE04EC0-301F-11D3-BF4B-00C04F79EFBC}") = "raidTimeline.App", "raidTimeline.App\raidTimeline.App.csproj", "{3E70BBE2-E1ED-4363-84B6-E53D944D2B32}"
EndProject
Global
	GlobalSection(SolutionConfigurationPlatforms) = preSolution
		Debug|Any CPU = Debug|Any CPU
		Release|Any CPU = Release|Any CPU
	EndGlobalSection
	GlobalSection(ProjectConfigurationPlatforms) = postSolution
		{34112E9B-A72E-4F96-8658-1B788D82B181}.Debug|Any CPU.ActiveCfg = Debug|Any CPU
		{34112E9B-A72E-4F96-8658-1B788D82B181}.Debug|Any CPU.Build.0 = Debug|Any CPU
		{34112E9B-A72E-4F96-8658-1B788D82B181}.Release|Any CPU.ActiveCfg = Release|Any CPU
		{34112E9B-A72E-4F96-8658-1B788D82B181}.Release|Any CPU.Build.0 = Release|Any CPU
		{E9993407-4169-4F66-87CE-DEF211E9BAFB}.Debug|Any CPU.ActiveCfg = Debug|Any CPU
		{E9993407-4169-4F66-87CE-DEF211E9BAFB}.Debug|Any CPU.Build.0 = Debug|Any CPU
		{E9993407-4169-4F66-87CE-DEF211E9BAFB}.Release|Any CPU.ActiveCfg = Release|Any CPU
		{E9993407-4169-4F66-87CE-DEF211E9BAFB}.Release|Any CPU.Build.0 = Release|Any CPU
		{D8D7FF14-FDFD-4976-BD89-6024CBCD20E4}.Debug|Any CPU.ActiveCfg = Debug|Any CPU
		{D8D7FF14-FDFD-4976-BD89-6024CBCD20E4}.Debug|Any CPU.Build.0 = Debug|Any CPU
		{D8D7FF14-FDFD-4976-BD89-6024CBCD20E4}.Release|Any CPU.ActiveCfg = Release|Any CPU
		{D8D7FF14-FDFD-4976-BD89-6024CBCD20E4}.Release|Any CPU.Build.0 = Release|Any CPU
		{3E70BBE2-E1ED-4363-84B6-E53D944D2B32}.Debug|Any CPU.ActiveCfg = Debug|Any CPU
		{3E70BBE2-E1ED-4363-84B6-E53D944D2B32}.Debug|Any CPU.Build.0 = Debug|Any CPU
		{3E70BBE2-E1ED-4363-84B6-E53D944D2B32}.Release|Any CPU.ActiveCfg = Release|Any CPU
		{3E70BBE2-E1ED-4363-84B6-E53D944D2B32}.Release|Any CPU.Build.0 = Release|Any CPU
	EndGlobalSection
	GlobalSection(SolutionProperties) = preSolution
		HideSolutionNode = FALSE
	EndGlobalSection
	GlobalSection(ExtensibilityGlobals) = postSolution
		SolutionGuid = {D9FB1B93-5377-4E1D-B429-F79DB29380F9}
	EndGlobalSection
EndGlobal
